
Microsoft Visual Studio Solution File, Format Version 12.00
# Visual Studio Version 17
VisualStudioVersion = 17.8.34525.116
MinimumVisualStudioVersion = 10.0.40219.1
Project("{FAE04EC0-301F-11D3-BF4B-00C04F79EFBC}") = "KodlamaIO", "KodlamaIO\KodlamaIO.csproj", "{8AAABD06-6B56-4D28-A133-1DE02A3CC826}"
EndProject
Global
	GlobalSection(SolutionConfigurationPlatforms) = preSolution
		Debug|Any CPU = Debug|Any CPU
		Release|Any CPU = Release|Any CPU
	EndGlobalSection
	GlobalSection(ProjectConfigurationPlatforms) = postSolution
		{8AAABD06-6B56-4D28-A133-1DE02A3CC826}.Debug|Any CPU.ActiveCfg = Debug|Any CPU
		{8AAABD06-6B56-4D28-A133-1DE02A3CC826}.Debug|Any CPU.Build.0 = Debug|Any CPU
		{8AAABD06-6B56-4D28-A133-1DE02A3CC826}.Release|Any CPU.ActiveCfg = Release|Any CPU
		{8AAABD06-6B56-4D28-A133-1DE02A3CC826}.Release|Any CPU.Build.0 = Release|Any CPU
	EndGlobalSection
	GlobalSection(SolutionProperties) = preSolution
		HideSolutionNode = FALSE
	EndGlobalSection
	GlobalSection(ExtensibilityGlobals) = postSolution
		SolutionGuid = {70704098-DB7D-42C5-B6A6-02C1851E0BBD}
	EndGlobalSection
EndGlobal
